
Microsoft Visual Studio Solution File, Format Version 10.00
# Visual Studio 2008
Project("{8BC9CEB8-8B4A-11D0-8D11-00A0C91BC942}") = "predictDescriptor", "predictDescriptor\predictDescriptor.vcproj", "{D902A421-9D8F-4C5E-892E-0D00E96F9440}"
EndProject
Global
	GlobalSection(SolutionConfigurationPlatforms) = preSolution
		Debug|Win32 = Debug|Win32
		Release|Win32 = Release|Win32
	EndGlobalSection
	GlobalSection(ProjectConfigurationPlatforms) = postSolution
		{D902A421-9D8F-4C5E-892E-0D00E96F9440}.Debug|Win32.ActiveCfg = Debug|Win32
		{D902A421-9D8F-4C5E-892E-0D00E96F9440}.Debug|Win32.Build.0 = Debug|Win32
		{D902A421-9D8F-4C5E-892E-0D00E96F9440}.Release|Win32.ActiveCfg = Release|Win32
		{D902A421-9D8F-4C5E-892E-0D00E96F9440}.Release|Win32.Build.0 = Release|Win32
	EndGlobalSection
	GlobalSection(SolutionProperties) = preSolution
		HideSolutionNode = FALSE
	EndGlobalSection
EndGlobal
